# THIS IS AN AUTOGENERATED FILE. DO NOT EDIT THIS FILE DIRECTLY.
# yarn lockfile v1


prettier@3.2.3:
  version "3.2.3"
  resolved "https://registry.yarnpkg.com/prettier/-/prettier-3.2.3.tgz#98501d99141a9a10d5ceaf74cf39c8b7cbddd380"
  integrity sha512-QNhUTBq+mqt1oH1dTfY3phOKNhcDdJkfttHI6u0kj7M2+c+7fmNKlgh2GhnHiqMcbxJ+a0j2igz/2jfl9QKLuw==
